<?xml version="1.0" encoding="UTF-8" standalone="yes" ?>
<CodeBlocks_project_file>
	<FileVersion major="1" minor="6" />
	<Project>
		<Option title="Dawn Kernel" />
		<Option makefile="mk_ia32" />
		<Option makefile_is_custom="1" />
		<Option execution_dir="../../Kernel/" />
		<Option pch_mode="2" />
		<Option compiler="gcc" />
		<Build>
			<Target title="Release">
				<Option output="bin/Release/Dawn Kernel" prefix_auto="1" extension_auto="1" />
				<Option working_dir="" />
				<Option object_output="obj/Release/" />
				<Option type="5" />
				<Option compiler="gcc" />
				<Compiler>
					<Add option="-O2" />
				</Compiler>
				<Linker>
					<Add option="-s" />
				</Linker>
				<MakeCommands>
					<Build command="$make -f $makefil" />
					<CompileFile command="$make -f $makefile $file" />
					<Clean command="$make -f $makefile clean" />
					<DistClean command="$make -f $makefile distclean$target" />
					<AskRebuildNeeded command="$make -q -f $makefile" />
					<SilentBuild command="$make -s -f $makefile" />
				</MakeCommands>
			</Target>
		</Build>
		<Compiler>
			<Add option="-Wall" />
		</Compiler>
		<Unit filename="../../Kernel/arch/ia32/headers/clock/pit.h" />
		<Unit filename="../../Kernel/arch/ia32/headers/clock/rate.h" />
		<Unit filename="../../Kernel/arch/ia32/headers/gpf/gpf.h" />
		<Unit filename="../../Kernel/arch/ia32/headers/interrupts/idt.h" />
		<Unit filename="../../Kernel/arch/ia32/headers/interrupts/interrupt_handler.h" />
		<Unit filename="../../Kernel/arch/ia32/headers/interrupts/interrupts.h" />
		<Unit filename="../../Kernel/arch/ia32/headers/interrupts/irq.h" />
		<Unit filename="../../Kernel/arch/ia32/headers/interrupts/isr.h" />
		<Unit filename="../../Kernel/arch/ia32/headers/mm/gdt.h" />
		<Unit filename="../../Kernel/arch/ia32/headers/mm/phys_mm.h" />
		<Unit filename="../../Kernel/arch/ia32/headers/mm/virt_mm.h" />
		<Unit filename="../../Kernel/arch/ia32/headers/screen/screen.h" />
		<Unit filename="../../Kernel/arch/ia32/headers/stack/kstack.h" />
		<Unit filename="../../Kernel/arch/ia32/headers/usermode/usermode.h" />
		<Unit filename="../../Kernel/arch/ia32/sources/boot/boot_highlevel.c">
			<Option compilerVar="CC" />
		</Unit>
		<Unit filename="../../Kernel/arch/ia32/sources/boot/boot_lowlevel.s" />
		<Unit filename="../../Kernel/arch/ia32/sources/boot/kernel_init.c">
			<Option compilerVar="CC" />
		</Unit>
		<Unit filename="../../Kernel/arch/ia32/sources/boot/kernel_init.h" />
		<Unit filename="../../Kernel/arch/ia32/sources/boot/post_init.c">
			<Option compilerVar="CC" />
		</Unit>
		<Unit filename="../../Kernel/arch/ia32/sources/boot/post_init.h" />
		<Unit filename="../../Kernel/arch/ia32/sources/clock/clock.c">
			<Option compilerVar="CC" />
		</Unit>
		<Unit filename="../../Kernel/arch/ia32/sources/clock/pit.c">
			<Option compilerVar="CC" />
		</Unit>
		<Unit filename="../../Kernel/arch/ia32/sources/clock/pit.h" />
		<Unit filename="../../Kernel/arch/ia32/sources/cpu/cpu.h" />
		<Unit filename="../../Kernel/arch/ia32/sources/cpu/cpuid_features.c">
			<Option compilerVar="CC" />
		</Unit>
		<Unit filename="../../Kernel/arch/ia32/sources/cpu/cpuid_support.c">
			<Option compilerVar="CC" />
		</Unit>
		<Unit filename="../../Kernel/arch/ia32/sources/cpu/cpuid_vendor.c">
			<Option compilerVar="CC" />
		</Unit>
		<Unit filename="../../Kernel/arch/ia32/sources/gpf/gpf.c">
			<Option compilerVar="CC" />
		</Unit>
		<Unit filename="../../Kernel/arch/ia32/sources/input/keyboard_generic_ps2.c">
			<Option compilerVar="CC" />
		</Unit>
		<Unit filename="../../Kernel/arch/ia32/sources/input/keyboard_generic_ps2.h" />
		<Unit filename="../../Kernel/arch/ia32/sources/interrupts/asm_idt_stubs.s" />
		<Unit filename="../../Kernel/arch/ia32/sources/interrupts/idt.c">
			<Option compilerVar="CC" />
		</Unit>
		<Unit filename="../../Kernel/arch/ia32/sources/interrupts/idt.h" />
		<Unit filename="../../Kernel/arch/ia32/sources/interrupts/idt_asm.s" />
		<Unit filename="../../Kernel/arch/ia32/sources/interrupts/interrupt_handler.c">
			<Option compilerVar="CC" />
		</Unit>
		<Unit filename="../../Kernel/arch/ia32/sources/interrupts/interrupts.s" />
		<Unit filename="../../Kernel/arch/ia32/sources/interrupts/irq_handler.c">
			<Option compilerVar="CC" />
		</Unit>
		<Unit filename="../../Kernel/arch/ia32/sources/interrupts/isr_handler.c">
			<Option compilerVar="CC" />
		</Unit>
		<Unit filename="../../Kernel/arch/ia32/sources/loaders/executable_loader.c">
			<Option compilerVar="CC" />
		</Unit>
		<Unit filename="../../Kernel/arch/ia32/sources/mm/gdt.c">
			<Option compilerVar="CC" />
		</Unit>
		<Unit filename="../../Kernel/arch/ia32/sources/mm/gdt_asm.s" />
		<Unit filename="../../Kernel/arch/ia32/sources/mm/init.c">
			<Option compilerVar="CC" />
		</Unit>
		<Unit filename="../../Kernel/arch/ia32/sources/mm/phys_mm.c">
			<Option compilerVar="CC" />
		</Unit>
		<Unit filename="../../Kernel/arch/ia32/sources/mm/virt_mm.c">
			<Option compilerVar="CC" />
		</Unit>
		<Unit filename="../../Kernel/arch/ia32/sources/mm/virt_mm_asm.s" />
		<Unit filename="../../Kernel/arch/ia32/sources/process/process.c">
			<Option compilerVar="CC" />
		</Unit>
		<Unit filename="../../Kernel/arch/ia32/sources/process/procfault.c">
			<Option compilerVar="CC" />
		</Unit>
		<Unit filename="../../Kernel/arch/ia32/sources/process/read_eip.s" />
		<Unit filename="../../Kernel/arch/ia32/sources/process/used_list.c">
			<Option compilerVar="CC" />
		</Unit>
		<Unit filename="../../Kernel/arch/ia32/sources/scheduler/process_scheduler.c">
			<Option compilerVar="CC" />
		</Unit>
		<Unit filename="../../Kernel/arch/ia32/sources/screen/screen.c">
			<Option compilerVar="CC" />
		</Unit>
		<Unit filename="../../Kernel/arch/ia32/sources/screen/screen_textmode.c">
			<Option compilerVar="CC" />
		</Unit>
		<Unit filename="../../Kernel/arch/ia32/sources/screen/vga.c">
			<Option compilerVar="CC" />
		</Unit>
		<Unit filename="../../Kernel/arch/ia32/sources/screen/vga.h" />
		<Unit filename="../../Kernel/arch/ia32/sources/stack/stack.c">
			<Option compilerVar="CC" />
		</Unit>
		<Unit filename="../../Kernel/arch/ia32/sources/syscall/ia32_syscall.c">
			<Option compilerVar="CC" />
		</Unit>
		<Unit filename="../../Kernel/arch/ia32/sources/tss/tss.c">
			<Option compilerVar="CC" />
		</Unit>
		<Unit filename="../../Kernel/arch/ia32/sources/tss/tss.h" />
		<Unit filename="../../Kernel/arch/ia32/sources/usermode/usermode.c">
			<Option compilerVar="CC" />
		</Unit>
		<Unit filename="../../Kernel/generic_sources/debug/debug.c">
			<Option compilerVar="CC" />
		</Unit>
		<Unit filename="../../Kernel/generic_sources/debug/debugprint.c">
			<Option compilerVar="CC" />
		</Unit>
		<Unit filename="../../Kernel/generic_sources/devices/devices.c">
			<Option compilerVar="CC" />
		</Unit>
		<Unit filename="../../Kernel/generic_sources/devices/hdd/ata/ide.c">
			<Option compilerVar="CC" />
		</Unit>
		<Unit filename="../../Kernel/generic_sources/devices/hdd/ata/ide.h" />
		<Unit filename="../../Kernel/generic_sources/devices/hdd/ata/pio.c">
			<Option compilerVar="CC" />
		</Unit>
		<Unit filename="../../Kernel/generic_sources/devices/hdd/ata/pio.h" />
		<Unit filename="../../Kernel/generic_sources/devices/hdd/diskio.c">
			<Option compilerVar="CC" />
		</Unit>
		<Unit filename="../../Kernel/generic_sources/devices/hdd/diskio.h" />
		<Unit filename="../../Kernel/generic_sources/devices/pci/pci.c">
			<Option compilerVar="CC" />
		</Unit>
		<Unit filename="../../Kernel/generic_sources/fs/initrd.c">
			<Option compilerVar="CC" />
		</Unit>
		<Unit filename="../../Kernel/generic_sources/fs/initrd.h" />
		<Unit filename="../../Kernel/generic_sources/fs/rfs.c">
			<Option compilerVar="CC" />
		</Unit>
		<Unit filename="../../Kernel/generic_sources/fs/rfs.h" />
		<Unit filename="../../Kernel/generic_sources/fs/vfs.c">
			<Option compilerVar="CC" />
		</Unit>
		<Unit filename="../../Kernel/generic_sources/hash/md5.c">
			<Option compilerVar="CC" />
		</Unit>
		<Unit filename="../../Kernel/generic_sources/hash/md5use.c">
			<Option compilerVar="CC" />
		</Unit>
		<Unit filename="../../Kernel/generic_sources/heap/heap.c">
			<Option compilerVar="CC" />
		</Unit>
		<Unit filename="../../Kernel/generic_sources/heap/kheap.c">
			<Option compilerVar="CC" />
		</Unit>
		<Unit filename="../../Kernel/generic_sources/input/input.c">
			<Option compilerVar="CC" />
		</Unit>
		<Unit filename="../../Kernel/generic_sources/input/keyboard.c">
			<Option compilerVar="CC" />
		</Unit>
		<Unit filename="../../Kernel/generic_sources/lib/io.c">
			<Option compilerVar="CC" />
		</Unit>
		<Unit filename="../../Kernel/generic_sources/lib/printf.c">
			<Option compilerVar="CC" />
		</Unit>
		<Unit filename="../../Kernel/generic_sources/loaders/executable_parser.c">
			<Option compilerVar="CC" />
		</Unit>
		<Unit filename="../../Kernel/generic_sources/panic/panic.c">
			<Option compilerVar="CC" />
		</Unit>
		<Unit filename="../../Kernel/generic_sources/settings/settingsmanager.c">
			<Option compilerVar="CC" />
		</Unit>
		<Unit filename="../../Kernel/generic_sources/syscall/clock_syscalls.c">
			<Option compilerVar="CC" />
		</Unit>
		<Unit filename="../../Kernel/generic_sources/syscall/debug_mode.c">
			<Option compilerVar="CC" />
		</Unit>
		<Unit filename="../../Kernel/generic_sources/syscall/postbox_syscalls.c">
			<Option compilerVar="CC" />
		</Unit>
		<Unit filename="../../Kernel/generic_sources/syscall/process_syscalls.c">
			<Option compilerVar="CC" />
		</Unit>
		<Unit filename="../../Kernel/generic_sources/syscall/startnew.c">
			<Option compilerVar="CC" />
		</Unit>
		<Unit filename="../../Kernel/generic_sources/syscall/syscall.c">
			<Option compilerVar="CC" />
		</Unit>
		<Unit filename="../../Kernel/generic_sources/syscall/system_syscalls.c">
			<Option compilerVar="CC" />
		</Unit>
		<Unit filename="../../Kernel/generic_sources/syscall/terminal_syscalls.c">
			<Option compilerVar="CC" />
		</Unit>
		<Unit filename="../../Kernel/generic_sources/system/reboot.c">
			<Option compilerVar="CC" />
		</Unit>
		<Unit filename="../../Kernel/generic_sources/system/system.c">
			<Option compilerVar="CC" />
		</Unit>
		<Unit filename="../../Kernel/generic_sources/terminal/kterminal.c">
			<Option compilerVar="CC" />
		</Unit>
		<Unit filename="../../Kernel/generic_sources/terminal/terminal.c">
			<Option compilerVar="CC" />
		</Unit>
		<Unit filename="../../Kernel/generic_sources/time/cmos_time.c">
			<Option compilerVar="CC" />
		</Unit>
		<Unit filename="../../Kernel/generic_sources/time/timestamp.c">
			<Option compilerVar="CC" />
		</Unit>
		<Unit filename="../../Kernel/generic_sources/time/timestamp.h" />
		<Unit filename="../../Kernel/generic_sources/timers/clock.c">
			<Option compilerVar="CC" />
		</Unit>
		<Unit filename="../../Kernel/headers/debug/debug.h" />
		<Unit filename="../../Kernel/headers/debug/debugprint.h" />
		<Unit filename="../../Kernel/headers/devices/devices.h" />
		<Unit filename="../../Kernel/headers/devices/hdd/disk_device.h" />
		<Unit filename="../../Kernel/headers/devices/pci/pci.h" />
		<Unit filename="../../Kernel/headers/fs/dir.h" />
		<Unit filename="../../Kernel/headers/fs/vfs.h" />
		<Unit filename="../../Kernel/headers/hash/md5.h" />
		<Unit filename="../../Kernel/headers/hash/md5use.h" />
		<Unit filename="../../Kernel/headers/heap/heap.h" />
		<Unit filename="../../Kernel/headers/heap/kheap.h" />
		<Unit filename="../../Kernel/headers/input/input.h" />
		<Unit filename="../../Kernel/headers/input/keyboard.h" />
		<Unit filename="../../Kernel/headers/input/mouse.h" />
		<Unit filename="../../Kernel/headers/interrupts/interrupts.h" />
		<Unit filename="../../Kernel/headers/lib/io.h" />
		<Unit filename="../../Kernel/headers/loaders/elf_header.h" />
		<Unit filename="../../Kernel/headers/loaders/executable_loader.h" />
		<Unit filename="../../Kernel/headers/loaders/executable_parser.h" />
		<Unit filename="../../Kernel/headers/mm/general.h" />
		<Unit filename="../../Kernel/headers/mm/physical.h" />
		<Unit filename="../../Kernel/headers/mm/virtual.h" />
		<Unit filename="../../Kernel/headers/multiboot.h" />
		<Unit filename="../../Kernel/headers/panic/panic.h" />
		<Unit filename="../../Kernel/headers/printf.h" />
		<Unit filename="../../Kernel/headers/process/postbox.h" />
		<Unit filename="../../Kernel/headers/process/process.h" />
		<Unit filename="../../Kernel/headers/process/procfault.h" />
		<Unit filename="../../Kernel/headers/process/used_list.h" />
		<Unit filename="../../Kernel/headers/scheduler/process_scheduler.h" />
		<Unit filename="../../Kernel/headers/settings/settingsmanager.h" />
		<Unit filename="../../Kernel/headers/stack/stack.h" />
		<Unit filename="../../Kernel/headers/stdio.h" />
		<Unit filename="../../Kernel/headers/stdlib.h" />
		<Unit filename="../../Kernel/headers/syscall/num.h" />
		<Unit filename="../../Kernel/headers/syscall/syscall.h" />
		<Unit filename="../../Kernel/headers/system/cmos.h" />
		<Unit filename="../../Kernel/headers/system/reboot.h" />
		<Unit filename="../../Kernel/headers/system/system.h" />
		<Unit filename="../../Kernel/headers/terminal/kterminal.h" />
		<Unit filename="../../Kernel/headers/time/cmos_time.h" />
		<Unit filename="../../Kernel/headers/timers/clock.h" />
		<Unit filename="../../Shared/headers/common.h" />
		<Unit filename="../../Shared/headers/initrd/initrd_fent.h" />
		<Unit filename="../../Shared/headers/initrd/initrd_header.h" />
		<Unit filename="../../Shared/headers/input/devices.h" />
		<Unit filename="../../Shared/headers/messages/messages.h" />
		<Unit filename="../../Shared/headers/mm/pagedir.h" />
		<Unit filename="../../Shared/headers/process/events.h" />
		<Unit filename="../../Shared/headers/process/message.h" />
		<Unit filename="../../Shared/headers/terminal/terminal.h" />
		<Unit filename="../../Shared/headers/types/memory.h" />
		<Unit filename="../../Shared/headers/types/size_t.h" />
		<Unit filename="../../Shared/headers/types/stdint.h" />
		<Unit filename="../../Shared/headers/va_list.h" />
		<Unit filename="../../Shared/headers/version/kernel_version.h" />
		<Unit filename="../../Shared/headers/version/os_version.h" />
		<Unit filename="../../Shared/headers/vsprintf.h" />
		<Unit filename="../../Shared/sources/common.c">
			<Option compilerVar="CC" />
		</Unit>
		<Unit filename="../../Shared/sources/vsprintf.c">
			<Option compilerVar="CC" />
		</Unit>
		<Extensions>
			<envvars />
			<code_completion />
			<lib_finder disable_auto="1" />
			<debugger />
		</Extensions>
	</Project>
</CodeBlocks_project_file>
